// !$*UTF8*$!
{
	archiveVersion = 1;
	classes = {
	};
	objectVersion = 48;
	objects = {

/* Begin PBXBuildFile section */
		DF7566091F5F32EA000B368E /* AppDelegate.swift in Sources */ = {isa = PBXBuildFile; fileRef = DF7566081F5F32EA000B368E /* AppDelegate.swift */; };
		DF75660B1F5F32EA000B368E /* WelcomeVC.swift in Sources */ = {isa = PBXBuildFile; fileRef = DF75660A1F5F32EA000B368E /* WelcomeVC.swift */; };
		DF75660E1F5F32EA000B368E /* Main.storyboard in Resources */ = {isa = PBXBuildFile; fileRef = DF75660C1F5F32EA000B368E /* Main.storyboard */; };
		DF7566101F5F32EA000B368E /* Assets.xcassets in Resources */ = {isa = PBXBuildFile; fileRef = DF75660F1F5F32EA000B368E /* Assets.xcassets */; };
		DF7566131F5F32EA000B368E /* LaunchScreen.storyboard in Resources */ = {isa = PBXBuildFile; fileRef = DF7566111F5F32EA000B368E /* LaunchScreen.storyboard */; };
		DF75661D1F5F3AD5000B368E /* BorderButton.swift in Sources */ = {isa = PBXBuildFile; fileRef = DF75661C1F5F3AD5000B368E /* BorderButton.swift */; };
		DFF197EA1F625652002E4EE8 /* LeagueVC.swift in Sources */ = {isa = PBXBuildFile; fileRef = DFF197E91F625652002E4EE8 /* LeagueVC.swift */; };
		DFF197EC1F625663002E4EE8 /* SkillVC.swift in Sources */ = {isa = PBXBuildFile; fileRef = DFF197EB1F625663002E4EE8 /* SkillVC.swift */; };
/* End PBXBuildFile section */

/* Begin PBXFileReference section */
		DF7566051F5F32EA000B368E /* app-swoosh.app */ = {isa = PBXFileReference; explicitFileType = wrapper.application; includeInIndex = 0; path = "app-swoosh.app"; sourceTree = BUILT_PRODUCTS_DIR; };
		DF7566081F5F32EA000B368E /* AppDelegate.swift */ = {isa = PBXFileReference; lastKnownFileType = sourcecode.swift; path = AppDelegate.swift; sourceTree = "<group>"; };
		DF75660A1F5F32EA000B368E /* WelcomeVC.swift */ = {isa = PBXFileReference; lastKnownFileType = sourcecode.swift; path = WelcomeVC.swift; sourceTree = "<group>"; };
		DF75660D1F5F32EA000B368E /* Base */ = {isa = PBXFileReference; lastKnownFileType = file.storyboard; name = Base; path = Base.lproj/Main.storyboard; sourceTree = "<group>"; };
		DF75660F1F5F32EA000B368E /* Assets.xcassets */ = {isa = PBXFileReference; lastKnownFileType = folder.assetcatalog; path = Assets.xcassets; sourceTree = "<group>"; };
		DF7566121F5F32EA000B368E /* Base */ = {isa = PBXFileReference; lastKnownFileType = file.storyboard; name = Base; path = Base.lproj/LaunchScreen.storyboard; sourceTree = "<group>"; };
		DF7566141F5F32EA000B368E /* Info.plist */ = {isa = PBXFileReference; lastKnownFileType = text.plist.xml; path = Info.plist; sourceTree = "<group>"; };
		DF75661C1F5F3AD5000B368E /* BorderButton.swift */ = {isa = PBXFileReference; lastKnownFileType = sourcecode.swift; path = BorderButton.swift; sourceTree = "<group>"; };
		DFF197E91F625652002E4EE8 /* LeagueVC.swift */ = {isa = PBXFileReference; lastKnownFileType = sourcecode.swift; path = LeagueVC.swift; sourceTree = "<group>"; };
		DFF197EB1F625663002E4EE8 /* SkillVC.swift */ = {isa = PBXFileReference; lastKnownFileType = sourcecode.swift; path = SkillVC.swift; sourceTree = "<group>"; };
/* End PBXFileReference section */

/* Begin PBXFrameworksBuildPhase section */
		DF7566021F5F32E9000B368E /* Frameworks */ = {
			isa = PBXFrameworksBuildPhase;
			buildActionMask = 2147483647;
			files = (
			);
			runOnlyForDeploymentPostprocessing = 0;
		};
/* End PBXFrameworksBuildPhase section */

/* Begin PBXGroup section */
		DF7565FC1F5F32E9000B368E = {
			isa = PBXGroup;
			children = (
				DF7566071F5F32EA000B368E /* app-swoosh */,
				DF7566061F5F32EA000B368E /* Products */,
			);
			sourceTree = "<group>";
		};
		DF7566061F5F32EA000B368E /* Products */ = {
			isa = PBXGroup;
			children = (
				DF7566051F5F32EA000B368E /* app-swoosh.app */,
			);
			name = Products;
			sourceTree = "<group>";
		};
		DF7566071F5F32EA000B368E /* app-swoosh */ = {
			isa = PBXGroup;
			children = (
				DFF197E81F625411002E4EE8 /* Controller */,
				DFF197E71F6253F6002E4EE8 /* Model */,
				DF75661B1F5F3A52000B368E /* View */,
				DF7566081F5F32EA000B368E /* AppDelegate.swift */,
				DF75660C1F5F32EA000B368E /* Main.storyboard */,
				DF75660F1F5F32EA000B368E /* Assets.xcassets */,
				DF7566111F5F32EA000B368E /* LaunchScreen.storyboard */,
				DF7566141F5F32EA000B368E /* Info.plist */,
			);
			path = "app-swoosh";
			sourceTree = "<group>";
		};
		DF75661B1F5F3A52000B368E /* View */ = {
			isa = PBXGroup;
			children = (
				DF75661C1F5F3AD5000B368E /* BorderButton.swift */,
			);
			path = View;
			sourceTree = "<group>";
		};
		DFF197E71F6253F6002E4EE8 /* Model */ = {
			isa = PBXGroup;
			children = (
			);
			path = Model;
			sourceTree = "<group>";
		};
		DFF197E81F625411002E4EE8 /* Controller */ = {
			isa = PBXGroup;
			children = (
				DF75660A1F5F32EA000B368E /* WelcomeVC.swift */,
				DFF197E91F625652002E4EE8 /* LeagueVC.swift */,
				DFF197EB1F625663002E4EE8 /* SkillVC.swift */,
			);
			path = Controller;
			sourceTree = "<group>";
		};
/* End PBXGroup section */

/* Begin PBXNativeTarget section */
		DF7566041F5F32E9000B368E /* app-swoosh */ = {
			isa = PBXNativeTarget;
			buildConfigurationList = DF7566171F5F32EA000B368E /* Build configuration list for PBXNativeTarget "app-swoosh" */;
			buildPhases = (
				DF7566011F5F32E9000B368E /* Sources */,
				DF7566021F5F32E9000B368E /* Frameworks */,
				DF7566031F5F32E9000B368E /* Resources */,
			);
			buildRules = (
			);
			dependencies = (
			);
			name = "app-swoosh";
			productName = "app-swoosh";
			productReference = DF7566051F5F32EA000B368E /* app-swoosh.app */;
			productType = "com.apple.product-type.application";
		};
/* End PBXNativeTarget section */

/* Begin PBXProject section */
		DF7565FD1F5F32E9000B368E /* Project object */ = {
			isa = PBXProject;
			attributes = {
				LastSwiftUpdateCheck = 0900;
				LastUpgradeCheck = 0900;
				ORGANIZATIONNAME = "Burhanuddin Shakir";
				TargetAttributes = {
					DF7566041F5F32E9000B368E = {
						CreatedOnToolsVersion = 9.0;
					};
				};
			};
			buildConfigurationList = DF7566001F5F32E9000B368E /* Build configuration list for PBXProject "app-swoosh" */;
			compatibilityVersion = "Xcode 8.0";
			developmentRegion = en;
			hasScannedForEncodings = 0;
			knownRegions = (
				en,
				Base,
			);
			mainGroup = DF7565FC1F5F32E9000B368E;
			productRefGroup = DF7566061F5F32EA000B368E /* Products */;
			projectDirPath = "";
			projectRoot = "";
			targets = (
				DF7566041F5F32E9000B368E /* app-swoosh */,
			);
		};
/* End PBXProject section */

/* Begin PBXResourcesBuildPhase section */
		DF7566031F5F32E9000B368E /* Resources */ = {
			isa = PBXResourcesBuildPhase;
			buildActionMask = 2147483647;
			files = (
				DF7566131F5F32EA000B368E /* LaunchScreen.storyboard in Resources */,
				DF7566101F5F32EA000B368E /* Assets.xcassets in Resources */,
				DF75660E1F5F32EA000B368E /* Main.storyboard in Resources */,
			);
			runOnlyForDeploymentPostprocessing = 0;
		};
/* End PBXResourcesBuildPhase section */

/* Begin PBXSourcesBuildPhase section */
		DF7566011F5F32E9000B368E /* Sources */ = {
			isa = PBXSourcesBuildPhase;
			buildActionMask = 2147483647;
			files = (
				DF75660B1F5F32EA000B368E /* WelcomeVC.swift in Sources */,
				DFF197EA1F625652002E4EE8 /* LeagueVC.swift in Sources */,
				DF7566091F5F32EA000B368E /* AppDelegate.swift in Sources */,
				DFF197EC1F625663002E4EE8 /* SkillVC.swift in Sources */,
				DF75661D1F5F3AD5000B368E /* BorderButton.swift in Sources */,
			);
			runOnlyForDeploymentPostprocessing = 0;
		};
/* End PBXSourcesBuildPhase section */

/* Begin PBXVariantGroup section */
		DF75660C1F5F32EA000B368E /* Main.storyboard */ = {
			isa = PBXVariantGroup;
			children = (
				DF75660D1F5F32EA000B368E /* Base */,
			);
			name = Main.storyboard;
			sourceTree = "<group>";
		};
		DF7566111F5F32EA000B368E /* LaunchScreen.storyboard */ = {
			isa = PBXVariantGroup;
			children = (
				DF7566121F5F32EA000B368E /* Base */,
			);
			name = LaunchScreen.storyboard;
			sourceTree = "<group>";
		};
/* End PBXVariantGroup section */

/* Begin XCBuildConfiguration section */
		DF7566151F5F32EA000B368E /* Debug */ = {
			isa = XCBuildConfiguration;
			buildSettings = {
				ALWAYS_SEARCH_USER_PATHS = NO;
				CLANG_ANALYZER_NONNULL = YES;
				CLANG_ANALYZER_NUMBER_OBJECT_CONVERSION = YES_AGGRESSIVE;
				CLANG_CXX_LANGUAGE_STANDARD = "gnu++14";
				CLANG_CXX_LIBRARY = "libc++";
				CLANG_ENABLE_MODULES = YES;
				CLANG_ENABLE_OBJC_ARC = YES;
				CLANG_WARN_BLOCK_CAPTURE_AUTORELEASING = YES;
				CLANG_WARN_BOOL_CONVERSION = YES;
				CLANG_WARN_COMMA = YES;
				CLANG_WARN_CONSTANT_CONVERSION = YES;
				CLANG_WARN_DIRECT_OBJC_ISA_USAGE = YES_ERROR;
				CLANG_WARN_DOCUMENTATION_COMMENTS = YES;
				CLANG_WARN_EMPTY_BODY = YES;
				CLANG_WARN_ENUM_CONVERSION = YES;
				CLANG_WARN_INFINITE_RECURSION = YES;
				CLANG_WARN_INT_CONVERSION = YES;
				CLANG_WARN_NON_LITERAL_NULL_CONVERSION = YES;
				CLANG_WARN_OBJC_LITERAL_CONVERSION = YES;
				CLANG_WARN_OBJC_ROOT_CLASS = YES_ERROR;
				CLANG_WARN_RANGE_LOOP_ANALYSIS = YES;
				CLANG_WARN_STRICT_PROTOTYPES = YES;
				CLANG_WARN_SUSPICIOUS_MOVE = YES;
				CLANG_WARN_UNGUARDED_AVAILABILITY = YES_AGGRESSIVE;
				CLANG_WARN_UNREACHABLE_CODE = YES;
				CLANG_WARN__DUPLICATE_METHOD_MATCH = YES;
				CODE_SIGN_IDENTITY = "iPhone Developer";
				COPY_PHASE_STRIP = NO;
				DEBUG_INFORMATION_FORMAT = dwarf;
				ENABLE_STRICT_OBJC_MSGSEND = YES;
				ENABLE_TESTABILITY = YES;
				GCC_C_LANGUAGE_STANDARD = gnu11;
				GCC_DYNAMIC_NO_PIC = NO;
				GCC_NO_COMMON_BLOCKS = YES;
				GCC_OPTIMIZATION_LEVEL = 0;
				GCC_PREPROCESSOR_DEFINITIONS = (
					"DEBUG=1",
					"$(inherited)",
				);
				GCC_WARN_64_TO_32_BIT_CONVERSION = YES;
				GCC_WARN_ABOUT_RETURN_TYPE = YES_ERROR;
				GCC_WARN_UNDECLARED_SELECTOR = YES;
				GCC_WARN_UNINITIALIZED_AUTOS = YES_AGGRESSIVE;
				GCC_WARN_UNUSED_FUNCTION = YES;
				GCC_WARN_UNUSED_VARIABLE = YES;
				IPHONEOS_DEPLOYMENT_TARGET = 11.0;
				MTL_ENABLE_DEBUG_INFO = YES;
				ONLY_ACTIVE_ARCH = YES;
				SDKROOT = iphoneos;
				SWIFT_ACTIVE_COMPILATION_CONDITIONS = DEBUG;
				SWIFT_OPTIMIZATION_LEVEL = "-Onone";
			};
			name = Debug;
		};
		DF7566161F5F32EA000B368E /* Release */ = {
			isa = XCBuildConfiguration;
			buildSettings = {
				ALWAYS_SEARCH_USER_PATHS = NO;
				CLANG_ANALYZER_NONNULL = YES;
				CLANG_ANALYZER_NUMBER_OBJECT_CONVERSION = YES_AGGRESSIVE;
				CLANG_CXX_LANGUAGE_STANDARD = "gnu++14";
				CLANG_CXX_LIBRARY = "libc++";
				CLANG_ENABLE_MODULES = YES;
				CLANG_ENABLE_OBJC_ARC = YES;
				CLANG_WARN_BLOCK_CAPTURE_AUTORELEASING = YES;
				CLANG_WARN_BOOL_CONVERSION = YES;
				CLANG_WARN_COMMA = YES;
				CLANG_WARN_CONSTANT_CONVERSION = YES;
				CLANG_WARN_DIRECT_OBJC_ISA_USAGE = YES_ERROR;
				CLANG_WARN_DOCUMENTATION_COMMENTS = YES;
				CLANG_WARN_EMPTY_BODY = YES;
				CLANG_WARN_ENUM_CONVERSION = YES;
				CLANG_WARN_INFINITE_RECURSION = YES;
				CLANG_WARN_INT_CONVERSION = YES;
				CLANG_WARN_NON_LITERAL_NULL_CONVERSION = YES;
				CLANG_WARN_OBJC_LITERAL_CONVERSION = YES;
				CLANG_WARN_OBJC_ROOT_CLASS = YES_ERROR;
				CLANG_WARN_RANGE_LOOP_ANALYSIS = YES;
				CLANG_WARN_STRICT_PROTOTYPES = YES;
				CLANG_WARN_SUSPICIOUS_MOVE = YES;
				CLANG_WARN_UNGUARDED_AVAILABILITY = YES_AGGRESSIVE;
				CLANG_WARN_UNREACHABLE_CODE = YES;
				CLANG_WARN__DUPLICATE_METHOD_MATCH = YES;
				CODE_SIGN_IDENTITY = "iPhone Developer";
				COPY_PHASE_STRIP = NO;
				DEBUG_INFORMATION_FORMAT = "dwarf-with-dsym";
				ENABLE_NS_ASSERTIONS = NO;
				ENABLE_STRICT_OBJC_MSGSEND = YES;
				GCC_C_LANGUAGE_STANDARD = gnu11;
				GCC_NO_COMMON_BLOCKS = YES;
				GCC_WARN_64_TO_32_BIT_CONVERSION = YES;
				GCC_WARN_ABOUT_RETURN_TYPE = YES_ERROR;
				GCC_WARN_UNDECLARED_SELECTOR = YES;
				GCC_WARN_UNINITIALIZED_AUTOS = YES_AGGRESSIVE;
				GCC_WARN_UNUSED_FUNCTION = YES;
				GCC_WARN_UNUSED_VARIABLE = YES;
				IPHONEOS_DEPLOYMENT_TARGET = 11.0;
				MTL_ENABLE_DEBUG_INFO = NO;
				SDKROOT = iphoneos;
				SWIFT_OPTIMIZATION_LEVEL = "-Owholemodule";
				VALIDATE_PRODUCT = YES;
			};
			name = Release;
		};
		DF7566181F5F32EA000B368E /* Debug */ = {
			isa = XCBuildConfiguration;
			buildSettings = {
				ASSETCATALOG_COMPILER_APPICON_NAME = AppIcon;
				INFOPLIST_FILE = "app-swoosh/Info.plist";
				LD_RUNPATH_SEARCH_PATHS = "$(inherited) @executable_path/Frameworks";
				PRODUCT_BUNDLE_IDENTIFIER = "com.burhan.app-swoosh";
				PRODUCT_NAME = "$(TARGET_NAME)";
				SWIFT_VERSION = 4.0;
				TARGETED_DEVICE_FAMILY = "1,2";
			};
			name = Debug;
		};
		DF7566191F5F32EA000B368E /* Release */ = {
			isa = XCBuildConfiguration;
			buildSettings = {
				ASSETCATALOG_COMPILER_APPICON_NAME = AppIcon;
				INFOPLIST_FILE = "app-swoosh/Info.plist";
				LD_RUNPATH_SEARCH_PATHS = "$(inherited) @executable_path/Frameworks";
				PRODUCT_BUNDLE_IDENTIFIER = "com.burhan.app-swoosh";
				PRODUCT_NAME = "$(TARGET_NAME)";
				SWIFT_VERSION = 4.0;
				TARGETED_DEVICE_FAMILY = "1,2";
			};
			name = Release;
		};
/* End XCBuildConfiguration section */

/* Begin XCConfigurationList section */
		DF7566001F5F32E9000B368E /* Build configuration list for PBXProject "app-swoosh" */ = {
			isa = XCConfigurationList;
			buildConfigurations = (
				DF7566151F5F32EA000B368E /* Debug */,
				DF7566161F5F32EA000B368E /* Release */,
			);
			defaultConfigurationIsVisible = 0;
			defaultConfigurationName = Release;
		};
		DF7566171F5F32EA000B368E /* Build configuration list for PBXNativeTarget "app-swoosh" */ = {
			isa = XCConfigurationList;
			buildConfigurations = (
				DF7566181F5F32EA000B368E /* Debug */,
				DF7566191F5F32EA000B368E /* Release */,
			);
			defaultConfigurationIsVisible = 0;
			defaultConfigurationName = Release;
		};
/* End XCConfigurationList section */
	};
	rootObject = DF7565FD1F5F32E9000B368E /* Project object */;
}
